
Microsoft Visual Studio Solution File, Format Version 12.00
# Visual Studio 15
VisualStudioVersion = 15.0.27703.2035
MinimumVisualStudioVersion = 10.0.40219.1
Project("{FAE04EC0-301F-11D3-BF4B-00C04F79EFBC}") = "Playing With check boxes", "Playing With check boxes\Playing With check boxes.csproj", "{03416CAC-3681-4C91-86E4-60EA8B0C8ED6}"
EndProject
Global
	GlobalSection(SolutionConfigurationPlatforms) = preSolution
		Debug|Any CPU = Debug|Any CPU
		Release|Any CPU = Release|Any CPU
	EndGlobalSection
	GlobalSection(ProjectConfigurationPlatforms) = postSolution
		{03416CAC-3681-4C91-86E4-60EA8B0C8ED6}.Debug|Any CPU.ActiveCfg = Debug|Any CPU
		{03416CAC-3681-4C91-86E4-60EA8B0C8ED6}.Debug|Any CPU.Build.0 = Debug|Any CPU
		{03416CAC-3681-4C91-86E4-60EA8B0C8ED6}.Release|Any CPU.ActiveCfg = Release|Any CPU
		{03416CAC-3681-4C91-86E4-60EA8B0C8ED6}.Release|Any CPU.Build.0 = Release|Any CPU
	EndGlobalSection
	GlobalSection(SolutionProperties) = preSolution
		HideSolutionNode = FALSE
	EndGlobalSection
	GlobalSection(ExtensibilityGlobals) = postSolution
		SolutionGuid = {B95C196E-A13C-4D45-B5AA-7501553915CB}
	EndGlobalSection
EndGlobal
